// !$*UTF8*$!
{
	archiveVersion = 1;
	classes = {
	};
	objectVersion = 55;
	objects = {

/* Begin PBXBuildFile section */
		E34236152767548E0080A9C0 /* KPAPIClientApp.swift in Sources */ = {isa = PBXBuildFile; fileRef = E34236142767548E0080A9C0 /* KPAPIClientApp.swift */; };
		E34236172767548E0080A9C0 /* ContentView.swift in Sources */ = {isa = PBXBuildFile; fileRef = E34236162767548E0080A9C0 /* ContentView.swift */; };
		E3423619276754900080A9C0 /* Assets.xcassets in Resources */ = {isa = PBXBuildFile; fileRef = E3423618276754900080A9C0 /* Assets.xcassets */; };
		E342361C276754910080A9C0 /* Preview Assets.xcassets in Resources */ = {isa = PBXBuildFile; fileRef = E342361B276754910080A9C0 /* Preview Assets.xcassets */; };
		E34236232767583B0080A9C0 /* KPAPIProtocol.swift in Sources */ = {isa = PBXBuildFile; fileRef = E34236222767583B0080A9C0 /* KPAPIProtocol.swift */; };
		E342362527675A460080A9C0 /* KPAPISession.swift in Sources */ = {isa = PBXBuildFile; fileRef = E342362427675A460080A9C0 /* KPAPISession.swift */; };
		E342362727683FAB0080A9C0 /* KanaKanjiObject.swift in Sources */ = {isa = PBXBuildFile; fileRef = E342362627683FAB0080A9C0 /* KanaKanjiObject.swift */; };
		E342362A2768412C0080A9C0 /* KanaKanjiAPIRequest.swift in Sources */ = {isa = PBXBuildFile; fileRef = E34236292768412C0080A9C0 /* KanaKanjiAPIRequest.swift */; };
		E342362C276852030080A9C0 /* KanaKanjiResponse.swift in Sources */ = {isa = PBXBuildFile; fileRef = E342362B276852030080A9C0 /* KanaKanjiResponse.swift */; };
		E3423631278B17680080A9C0 /* RubyFuriAPIRequest.swift in Sources */ = {isa = PBXBuildFile; fileRef = E3423630278B17680080A9C0 /* RubyFuriAPIRequest.swift */; };
		E3423633278B17D00080A9C0 /* RubyFuriResponse.swift in Sources */ = {isa = PBXBuildFile; fileRef = E3423632278B17D00080A9C0 /* RubyFuriResponse.swift */; };
		E3423635278B194B0080A9C0 /* RubyFuriObject.swift in Sources */ = {isa = PBXBuildFile; fileRef = E3423634278B194B0080A9C0 /* RubyFuriObject.swift */; };
		FB2B6046AFB9FE6809EB1D2F /* Pods_KPAPIClient.framework in Frameworks */ = {isa = PBXBuildFile; fileRef = 7D478E1FAD3A7E78648717EC /* Pods_KPAPIClient.framework */; };
/* End PBXBuildFile section */

/* Begin PBXFileReference section */
		12D94417C2FCE7E653954A40 /* Pods-KPAPIClient.debug.xcconfig */ = {isa = PBXFileReference; includeInIndex = 1; lastKnownFileType = text.xcconfig; name = "Pods-KPAPIClient.debug.xcconfig"; path = "Target Support Files/Pods-KPAPIClient/Pods-KPAPIClient.debug.xcconfig"; sourceTree = "<group>"; };
		391F4481944D83E772957ACC /* Pods-KPAPIClient.release.xcconfig */ = {isa = PBXFileReference; includeInIndex = 1; lastKnownFileType = text.xcconfig; name = "Pods-KPAPIClient.release.xcconfig"; path = "Target Support Files/Pods-KPAPIClient/Pods-KPAPIClient.release.xcconfig"; sourceTree = "<group>"; };
		7D478E1FAD3A7E78648717EC /* Pods_KPAPIClient.framework */ = {isa = PBXFileReference; explicitFileType = wrapper.framework; includeInIndex = 0; path = Pods_KPAPIClient.framework; sourceTree = BUILT_PRODUCTS_DIR; };
		E34236112767548E0080A9C0 /* KPAPIClient.app */ = {isa = PBXFileReference; explicitFileType = wrapper.application; includeInIndex = 0; path = KPAPIClient.app; sourceTree = BUILT_PRODUCTS_DIR; };
		E34236142767548E0080A9C0 /* KPAPIClientApp.swift */ = {isa = PBXFileReference; lastKnownFileType = sourcecode.swift; path = KPAPIClientApp.swift; sourceTree = "<group>"; };
		E34236162767548E0080A9C0 /* ContentView.swift */ = {isa = PBXFileReference; lastKnownFileType = sourcecode.swift; path = ContentView.swift; sourceTree = "<group>"; };
		E3423618276754900080A9C0 /* Assets.xcassets */ = {isa = PBXFileReference; lastKnownFileType = folder.assetcatalog; path = Assets.xcassets; sourceTree = "<group>"; };
		E342361B276754910080A9C0 /* Preview Assets.xcassets */ = {isa = PBXFileReference; lastKnownFileType = folder.assetcatalog; path = "Preview Assets.xcassets"; sourceTree = "<group>"; };
		E34236222767583B0080A9C0 /* KPAPIProtocol.swift */ = {isa = PBXFileReference; lastKnownFileType = sourcecode.swift; path = KPAPIProtocol.swift; sourceTree = "<group>"; };
		E342362427675A460080A9C0 /* KPAPISession.swift */ = {isa = PBXFileReference; lastKnownFileType = sourcecode.swift; path = KPAPISession.swift; sourceTree = "<group>"; };
		E342362627683FAB0080A9C0 /* KanaKanjiObject.swift */ = {isa = PBXFileReference; lastKnownFileType = sourcecode.swift; path = KanaKanjiObject.swift; sourceTree = "<group>"; };
		E34236292768412C0080A9C0 /* KanaKanjiAPIRequest.swift */ = {isa = PBXFileReference; lastKnownFileType = sourcecode.swift; path = KanaKanjiAPIRequest.swift; sourceTree = "<group>"; };
		E342362B276852030080A9C0 /* KanaKanjiResponse.swift */ = {isa = PBXFileReference; lastKnownFileType = sourcecode.swift; path = KanaKanjiResponse.swift; sourceTree = "<group>"; };
		E342362D276860280080A9C0 /* MyPlayground.playground */ = {isa = PBXFileReference; lastKnownFileType = file.playground; path = MyPlayground.playground; sourceTree = "<group>"; xcLanguageSpecificationIdentifier = xcode.lang.swift; };
		E3423630278B17680080A9C0 /* RubyFuriAPIRequest.swift */ = {isa = PBXFileReference; lastKnownFileType = sourcecode.swift; path = RubyFuriAPIRequest.swift; sourceTree = "<group>"; };
		E3423632278B17D00080A9C0 /* RubyFuriResponse.swift */ = {isa = PBXFileReference; lastKnownFileType = sourcecode.swift; path = RubyFuriResponse.swift; sourceTree = "<group>"; };
		E3423634278B194B0080A9C0 /* RubyFuriObject.swift */ = {isa = PBXFileReference; lastKnownFileType = sourcecode.swift; path = RubyFuriObject.swift; sourceTree = "<group>"; };
/* End PBXFileReference section */

/* Begin PBXFrameworksBuildPhase section */
		E342360E2767548E0080A9C0 /* Frameworks */ = {
			isa = PBXFrameworksBuildPhase;
			buildActionMask = 2147483647;
			files = (
				FB2B6046AFB9FE6809EB1D2F /* Pods_KPAPIClient.framework in Frameworks */,
			);
			runOnlyForDeploymentPostprocessing = 0;
		};
/* End PBXFrameworksBuildPhase section */

/* Begin PBXGroup section */
		05ABB43EF620B1747A1A10E9 /* Frameworks */ = {
			isa = PBXGroup;
			children = (
				7D478E1FAD3A7E78648717EC /* Pods_KPAPIClient.framework */,
			);
			name = Frameworks;
			sourceTree = "<group>";
		};
		74DE384D1C52C5FBACD6597A /* Pods */ = {
			isa = PBXGroup;
			children = (
				12D94417C2FCE7E653954A40 /* Pods-KPAPIClient.debug.xcconfig */,
				391F4481944D83E772957ACC /* Pods-KPAPIClient.release.xcconfig */,
			);
			path = Pods;
			sourceTree = "<group>";
		};
		E34236082767548E0080A9C0 = {
			isa = PBXGroup;
			children = (
				E342362D276860280080A9C0 /* MyPlayground.playground */,
				E34236132767548E0080A9C0 /* KPAPIClient */,
				E34236122767548E0080A9C0 /* Products */,
				74DE384D1C52C5FBACD6597A /* Pods */,
				05ABB43EF620B1747A1A10E9 /* Frameworks */,
			);
			sourceTree = "<group>";
		};
		E34236122767548E0080A9C0 /* Products */ = {
			isa = PBXGroup;
			children = (
				E34236112767548E0080A9C0 /* KPAPIClient.app */,
			);
			name = Products;
			sourceTree = "<group>";
		};
		E34236132767548E0080A9C0 /* KPAPIClient */ = {
			isa = PBXGroup;
			children = (
				E342362E278B16D50080A9C0 /* APIClient */,
				E342362827683FB10080A9C0 /* KanaKanji */,
				E342362F278B16E70080A9C0 /* RubyFuri */,
				E34236142767548E0080A9C0 /* KPAPIClientApp.swift */,
				E34236162767548E0080A9C0 /* ContentView.swift */,
				E3423618276754900080A9C0 /* Assets.xcassets */,
				E342361A276754910080A9C0 /* Preview Content */,
			);
			path = KPAPIClient;
			sourceTree = "<group>";
		};
		E342361A276754910080A9C0 /* Preview Content */ = {
			isa = PBXGroup;
			children = (
				E342361B276754910080A9C0 /* Preview Assets.xcassets */,
			);
			path = "Preview Content";
			sourceTree = "<group>";
		};
		E342362827683FB10080A9C0 /* KanaKanji */ = {
			isa = PBXGroup;
			children = (
				E34236292768412C0080A9C0 /* KanaKanjiAPIRequest.swift */,
				E342362B276852030080A9C0 /* KanaKanjiResponse.swift */,
				E342362627683FAB0080A9C0 /* KanaKanjiObject.swift */,
			);
			path = KanaKanji;
			sourceTree = "<group>";
		};
		E342362E278B16D50080A9C0 /* APIClient */ = {
			isa = PBXGroup;
			children = (
				E34236222767583B0080A9C0 /* KPAPIProtocol.swift */,
				E342362427675A460080A9C0 /* KPAPISession.swift */,
			);
			path = APIClient;
			sourceTree = "<group>";
		};
		E342362F278B16E70080A9C0 /* RubyFuri */ = {
			isa = PBXGroup;
			children = (
				E3423630278B17680080A9C0 /* RubyFuriAPIRequest.swift */,
				E3423632278B17D00080A9C0 /* RubyFuriResponse.swift */,
				E3423634278B194B0080A9C0 /* RubyFuriObject.swift */,
			);
			path = RubyFuri;
			sourceTree = "<group>";
		};
/* End PBXGroup section */

/* Begin PBXNativeTarget section */
		E34236102767548E0080A9C0 /* KPAPIClient */ = {
			isa = PBXNativeTarget;
			buildConfigurationList = E342361F276754910080A9C0 /* Build configuration list for PBXNativeTarget "KPAPIClient" */;
			buildPhases = (
				C65B212560EDE1AF854A106E /* [CP] Check Pods Manifest.lock */,
				E342360D2767548E0080A9C0 /* Sources */,
				E342360E2767548E0080A9C0 /* Frameworks */,
				E342360F2767548E0080A9C0 /* Resources */,
				E99EC076F24FD2764F114FE3 /* [CP] Embed Pods Frameworks */,
			);
			buildRules = (
			);
			dependencies = (
			);
			name = KPAPIClient;
			productName = KPAPIClient;
			productReference = E34236112767548E0080A9C0 /* KPAPIClient.app */;
			productType = "com.apple.product-type.application";
		};
/* End PBXNativeTarget section */

/* Begin PBXProject section */
		E34236092767548E0080A9C0 /* Project object */ = {
			isa = PBXProject;
			attributes = {
				BuildIndependentTargetsInParallel = 1;
				LastSwiftUpdateCheck = 1300;
				LastUpgradeCheck = 1300;
				TargetAttributes = {
					E34236102767548E0080A9C0 = {
						CreatedOnToolsVersion = 13.0;
					};
				};
			};
			buildConfigurationList = E342360C2767548E0080A9C0 /* Build configuration list for PBXProject "KPAPIClient" */;
			compatibilityVersion = "Xcode 13.0";
			developmentRegion = en;
			hasScannedForEncodings = 0;
			knownRegions = (
				en,
				Base,
			);
			mainGroup = E34236082767548E0080A9C0;
			productRefGroup = E34236122767548E0080A9C0 /* Products */;
			projectDirPath = "";
			projectRoot = "";
			targets = (
				E34236102767548E0080A9C0 /* KPAPIClient */,
			);
		};
/* End PBXProject section */

/* Begin PBXResourcesBuildPhase section */
		E342360F2767548E0080A9C0 /* Resources */ = {
			isa = PBXResourcesBuildPhase;
			buildActionMask = 2147483647;
			files = (
				E342361C276754910080A9C0 /* Preview Assets.xcassets in Resources */,
				E3423619276754900080A9C0 /* Assets.xcassets in Resources */,
			);
			runOnlyForDeploymentPostprocessing = 0;
		};
/* End PBXResourcesBuildPhase section */

/* Begin PBXShellScriptBuildPhase section */
		C65B212560EDE1AF854A106E /* [CP] Check Pods Manifest.lock */ = {
			isa = PBXShellScriptBuildPhase;
			buildActionMask = 2147483647;
			files = (
			);
			inputFileListPaths = (
			);
			inputPaths = (
				"${PODS_PODFILE_DIR_PATH}/Podfile.lock",
				"${PODS_ROOT}/Manifest.lock",
			);
			name = "[CP] Check Pods Manifest.lock";
			outputFileListPaths = (
			);
			outputPaths = (
				"$(DERIVED_FILE_DIR)/Pods-KPAPIClient-checkManifestLockResult.txt",
			);
			runOnlyForDeploymentPostprocessing = 0;
			shellPath = /bin/sh;
			shellScript = "diff \"${PODS_PODFILE_DIR_PATH}/Podfile.lock\" \"${PODS_ROOT}/Manifest.lock\" > /dev/null\nif [ $? != 0 ] ; then\n    # print error to STDERR\n    echo \"error: The sandbox is not in sync with the Podfile.lock. Run 'pod install' or update your CocoaPods installation.\" >&2\n    exit 1\nfi\n# This output is used by Xcode 'outputs' to avoid re-running this script phase.\necho \"SUCCESS\" > \"${SCRIPT_OUTPUT_FILE_0}\"\n";
			showEnvVarsInLog = 0;
		};
		E99EC076F24FD2764F114FE3 /* [CP] Embed Pods Frameworks */ = {
			isa = PBXShellScriptBuildPhase;
			buildActionMask = 2147483647;
			files = (
			);
			inputFileListPaths = (
				"${PODS_ROOT}/Target Support Files/Pods-KPAPIClient/Pods-KPAPIClient-frameworks-${CONFIGURATION}-input-files.xcfilelist",
			);
			name = "[CP] Embed Pods Frameworks";
			outputFileListPaths = (
				"${PODS_ROOT}/Target Support Files/Pods-KPAPIClient/Pods-KPAPIClient-frameworks-${CONFIGURATION}-output-files.xcfilelist",
			);
			runOnlyForDeploymentPostprocessing = 0;
			shellPath = /bin/sh;
			shellScript = "\"${PODS_ROOT}/Target Support Files/Pods-KPAPIClient/Pods-KPAPIClient-frameworks.sh\"\n";
			showEnvVarsInLog = 0;
		};
/* End PBXShellScriptBuildPhase section */

/* Begin PBXSourcesBuildPhase section */
		E342360D2767548E0080A9C0 /* Sources */ = {
			isa = PBXSourcesBuildPhase;
			buildActionMask = 2147483647;
			files = (
				E3423633278B17D00080A9C0 /* RubyFuriResponse.swift in Sources */,
				E34236172767548E0080A9C0 /* ContentView.swift in Sources */,
				E342362727683FAB0080A9C0 /* KanaKanjiObject.swift in Sources */,
				E34236232767583B0080A9C0 /* KPAPIProtocol.swift in Sources */,
				E342362A2768412C0080A9C0 /* KanaKanjiAPIRequest.swift in Sources */,
				E342362527675A460080A9C0 /* KPAPISession.swift in Sources */,
				E34236152767548E0080A9C0 /* KPAPIClientApp.swift in Sources */,
				E3423631278B17680080A9C0 /* RubyFuriAPIRequest.swift in Sources */,
				E3423635278B194B0080A9C0 /* RubyFuriObject.swift in Sources */,
				E342362C276852030080A9C0 /* KanaKanjiResponse.swift in Sources */,
			);
			runOnlyForDeploymentPostprocessing = 0;
		};
/* End PBXSourcesBuildPhase section */

/* Begin XCBuildConfiguration section */
		E342361D276754910080A9C0 /* Debug */ = {
			isa = XCBuildConfiguration;
			buildSettings = {
				ALWAYS_SEARCH_USER_PATHS = NO;
				CLANG_ANALYZER_NONNULL = YES;
				CLANG_ANALYZER_NUMBER_OBJECT_CONVERSION = YES_AGGRESSIVE;
				CLANG_CXX_LANGUAGE_STANDARD = "gnu++17";
				CLANG_CXX_LIBRARY = "libc++";
				CLANG_ENABLE_MODULES = YES;
				CLANG_ENABLE_OBJC_ARC = YES;
				CLANG_ENABLE_OBJC_WEAK = YES;
				CLANG_WARN_BLOCK_CAPTURE_AUTORELEASING = YES;
				CLANG_WARN_BOOL_CONVERSION = YES;
				CLANG_WARN_COMMA = YES;
				CLANG_WARN_CONSTANT_CONVERSION = YES;
				CLANG_WARN_DEPRECATED_OBJC_IMPLEMENTATIONS = YES;
				CLANG_WARN_DIRECT_OBJC_ISA_USAGE = YES_ERROR;
				CLANG_WARN_DOCUMENTATION_COMMENTS = YES;
				CLANG_WARN_EMPTY_BODY = YES;
				CLANG_WARN_ENUM_CONVERSION = YES;
				CLANG_WARN_INFINITE_RECURSION = YES;
				CLANG_WARN_INT_CONVERSION = YES;
				CLANG_WARN_NON_LITERAL_NULL_CONVERSION = YES;
				CLANG_WARN_OBJC_IMPLICIT_RETAIN_SELF = YES;
				CLANG_WARN_OBJC_LITERAL_CONVERSION = YES;
				CLANG_WARN_OBJC_ROOT_CLASS = YES_ERROR;
				CLANG_WARN_QUOTED_INCLUDE_IN_FRAMEWORK_HEADER = YES;
				CLANG_WARN_RANGE_LOOP_ANALYSIS = YES;
				CLANG_WARN_STRICT_PROTOTYPES = YES;
				CLANG_WARN_SUSPICIOUS_MOVE = YES;
				CLANG_WARN_UNGUARDED_AVAILABILITY = YES_AGGRESSIVE;
				CLANG_WARN_UNREACHABLE_CODE = YES;
				CLANG_WARN__DUPLICATE_METHOD_MATCH = YES;
				COPY_PHASE_STRIP = NO;
				DEBUG_INFORMATION_FORMAT = dwarf;
				ENABLE_STRICT_OBJC_MSGSEND = YES;
				ENABLE_TESTABILITY = YES;
				GCC_C_LANGUAGE_STANDARD = gnu11;
				GCC_DYNAMIC_NO_PIC = NO;
				GCC_NO_COMMON_BLOCKS = YES;
				GCC_OPTIMIZATION_LEVEL = 0;
				GCC_PREPROCESSOR_DEFINITIONS = (
					"DEBUG=1",
					"$(inherited)",
				);
				GCC_WARN_64_TO_32_BIT_CONVERSION = YES;
				GCC_WARN_ABOUT_RETURN_TYPE = YES_ERROR;
				GCC_WARN_UNDECLARED_SELECTOR = YES;
				GCC_WARN_UNINITIALIZED_AUTOS = YES_AGGRESSIVE;
				GCC_WARN_UNUSED_FUNCTION = YES;
				GCC_WARN_UNUSED_VARIABLE = YES;
				IPHONEOS_DEPLOYMENT_TARGET = 15.0;
				MTL_ENABLE_DEBUG_INFO = INCLUDE_SOURCE;
				MTL_FAST_MATH = YES;
				ONLY_ACTIVE_ARCH = YES;
				SDKROOT = iphoneos;
				SWIFT_ACTIVE_COMPILATION_CONDITIONS = DEBUG;
				SWIFT_OPTIMIZATION_LEVEL = "-Onone";
			};
			name = Debug;
		};
		E342361E276754910080A9C0 /* Release */ = {
			isa = XCBuildConfiguration;
			buildSettings = {
				ALWAYS_SEARCH_USER_PATHS = NO;
				CLANG_ANALYZER_NONNULL = YES;
				CLANG_ANALYZER_NUMBER_OBJECT_CONVERSION = YES_AGGRESSIVE;
				CLANG_CXX_LANGUAGE_STANDARD = "gnu++17";
				CLANG_CXX_LIBRARY = "libc++";
				CLANG_ENABLE_MODULES = YES;
				CLANG_ENABLE_OBJC_ARC = YES;
				CLANG_ENABLE_OBJC_WEAK = YES;
				CLANG_WARN_BLOCK_CAPTURE_AUTORELEASING = YES;
				CLANG_WARN_BOOL_CONVERSION = YES;
				CLANG_WARN_COMMA = YES;
				CLANG_WARN_CONSTANT_CONVERSION = YES;
				CLANG_WARN_DEPRECATED_OBJC_IMPLEMENTATIONS = YES;
				CLANG_WARN_DIRECT_OBJC_ISA_USAGE = YES_ERROR;
				CLANG_WARN_DOCUMENTATION_COMMENTS = YES;
				CLANG_WARN_EMPTY_BODY = YES;
				CLANG_WARN_ENUM_CONVERSION = YES;
				CLANG_WARN_INFINITE_RECURSION = YES;
				CLANG_WARN_INT_CONVERSION = YES;
				CLANG_WARN_NON_LITERAL_NULL_CONVERSION = YES;
				CLANG_WARN_OBJC_IMPLICIT_RETAIN_SELF = YES;
				CLANG_WARN_OBJC_LITERAL_CONVERSION = YES;
				CLANG_WARN_OBJC_ROOT_CLASS = YES_ERROR;
				CLANG_WARN_QUOTED_INCLUDE_IN_FRAMEWORK_HEADER = YES;
				CLANG_WARN_RANGE_LOOP_ANALYSIS = YES;
				CLANG_WARN_STRICT_PROTOTYPES = YES;
				CLANG_WARN_SUSPICIOUS_MOVE = YES;
				CLANG_WARN_UNGUARDED_AVAILABILITY = YES_AGGRESSIVE;
				CLANG_WARN_UNREACHABLE_CODE = YES;
				CLANG_WARN__DUPLICATE_METHOD_MATCH = YES;
				COPY_PHASE_STRIP = NO;
				DEBUG_INFORMATION_FORMAT = "dwarf-with-dsym";
				ENABLE_NS_ASSERTIONS = NO;
				ENABLE_STRICT_OBJC_MSGSEND = YES;
				GCC_C_LANGUAGE_STANDARD = gnu11;
				GCC_NO_COMMON_BLOCKS = YES;
				GCC_WARN_64_TO_32_BIT_CONVERSION = YES;
				GCC_WARN_ABOUT_RETURN_TYPE = YES_ERROR;
				GCC_WARN_UNDECLARED_SELECTOR = YES;
				GCC_WARN_UNINITIALIZED_AUTOS = YES_AGGRESSIVE;
				GCC_WARN_UNUSED_FUNCTION = YES;
				GCC_WARN_UNUSED_VARIABLE = YES;
				IPHONEOS_DEPLOYMENT_TARGET = 15.0;
				MTL_ENABLE_DEBUG_INFO = NO;
				MTL_FAST_MATH = YES;
				SDKROOT = iphoneos;
				SWIFT_COMPILATION_MODE = wholemodule;
				SWIFT_OPTIMIZATION_LEVEL = "-O";
				VALIDATE_PRODUCT = YES;
			};
			name = Release;
		};
		E3423620276754910080A9C0 /* Debug */ = {
			isa = XCBuildConfiguration;
			baseConfigurationReference = 12D94417C2FCE7E653954A40 /* Pods-KPAPIClient.debug.xcconfig */;
			buildSettings = {
				ASSETCATALOG_COMPILER_APPICON_NAME = AppIcon;
				ASSETCATALOG_COMPILER_GLOBAL_ACCENT_COLOR_NAME = AccentColor;
				CODE_SIGN_STYLE = Automatic;
				CURRENT_PROJECT_VERSION = 1;
				DEVELOPMENT_ASSET_PATHS = "\"KPAPIClient/Preview Content\"";
				ENABLE_PREVIEWS = YES;
				GENERATE_INFOPLIST_FILE = YES;
				INFOPLIST_KEY_UIApplicationSceneManifest_Generation = YES;
				INFOPLIST_KEY_UIApplicationSupportsIndirectInputEvents = YES;
				INFOPLIST_KEY_UILaunchScreen_Generation = YES;
				INFOPLIST_KEY_UISupportedInterfaceOrientations_iPad = "UIInterfaceOrientationPortrait UIInterfaceOrientationPortraitUpsideDown UIInterfaceOrientationLandscapeLeft UIInterfaceOrientationLandscapeRight";
				INFOPLIST_KEY_UISupportedInterfaceOrientations_iPhone = "UIInterfaceOrientationPortrait UIInterfaceOrientationLandscapeLeft UIInterfaceOrientationLandscapeRight";
				IPHONEOS_DEPLOYMENT_TARGET = 14.0;
				LD_RUNPATH_SEARCH_PATHS = (
					"$(inherited)",
					"@executable_path/Frameworks",
				);
				MARKETING_VERSION = 1.0;
				PRODUCT_BUNDLE_IDENTIFIER = KazePaul.KPAPIClient;
				PRODUCT_NAME = "$(TARGET_NAME)";
				SWIFT_EMIT_LOC_STRINGS = YES;
				SWIFT_VERSION = 5.0;
				TARGETED_DEVICE_FAMILY = "1,2";
			};
			name = Debug;
		};
		E3423621276754910080A9C0 /* Release */ = {
			isa = XCBuildConfiguration;
			baseConfigurationReference = 391F4481944D83E772957ACC /* Pods-KPAPIClient.release.xcconfig */;
			buildSettings = {
				ASSETCATALOG_COMPILER_APPICON_NAME = AppIcon;
				ASSETCATALOG_COMPILER_GLOBAL_ACCENT_COLOR_NAME = AccentColor;
				CODE_SIGN_STYLE = Automatic;
				CURRENT_PROJECT_VERSION = 1;
				DEVELOPMENT_ASSET_PATHS = "\"KPAPIClient/Preview Content\"";
				ENABLE_PREVIEWS = YES;
				GENERATE_INFOPLIST_FILE = YES;
				INFOPLIST_KEY_UIApplicationSceneManifest_Generation = YES;
				INFOPLIST_KEY_UIApplicationSupportsIndirectInputEvents = YES;
				INFOPLIST_KEY_UILaunchScreen_Generation = YES;
				INFOPLIST_KEY_UISupportedInterfaceOrientations_iPad = "UIInterfaceOrientationPortrait UIInterfaceOrientationPortraitUpsideDown UIInterfaceOrientationLandscapeLeft UIInterfaceOrientationLandscapeRight";
				INFOPLIST_KEY_UISupportedInterfaceOrientations_iPhone = "UIInterfaceOrientationPortrait UIInterfaceOrientationLandscapeLeft UIInterfaceOrientationLandscapeRight";
				IPHONEOS_DEPLOYMENT_TARGET = 14.0;
				LD_RUNPATH_SEARCH_PATHS = (
					"$(inherited)",
					"@executable_path/Frameworks",
				);
				MARKETING_VERSION = 1.0;
				PRODUCT_BUNDLE_IDENTIFIER = KazePaul.KPAPIClient;
				PRODUCT_NAME = "$(TARGET_NAME)";
				SWIFT_EMIT_LOC_STRINGS = YES;
				SWIFT_VERSION = 5.0;
				TARGETED_DEVICE_FAMILY = "1,2";
			};
			name = Release;
		};
/* End XCBuildConfiguration section */

/* Begin XCConfigurationList section */
		E342360C2767548E0080A9C0 /* Build configuration list for PBXProject "KPAPIClient" */ = {
			isa = XCConfigurationList;
			buildConfigurations = (
				E342361D276754910080A9C0 /* Debug */,
				E342361E276754910080A9C0 /* Release */,
			);
			defaultConfigurationIsVisible = 0;
			defaultConfigurationName = Release;
		};
		E342361F276754910080A9C0 /* Build configuration list for PBXNativeTarget "KPAPIClient" */ = {
			isa = XCConfigurationList;
			buildConfigurations = (
				E3423620276754910080A9C0 /* Debug */,
				E3423621276754910080A9C0 /* Release */,
			);
			defaultConfigurationIsVisible = 0;
			defaultConfigurationName = Release;
		};
/* End XCConfigurationList section */
	};
	rootObject = E34236092767548E0080A9C0 /* Project object */;
}
